github.com/mahathirtama/go-say-hello v1.0.0 h1:lHV1J4+YEVY4i4DWu0Fr/Bwxp9A2oOt/4CFSYYjXzKs=
github.com/mahathirtama/go-say-hello v1.0.0/go.mod h1:D7v8zex15Ai2d1N6Ln9+XrWWJRBUOeuh/E8EcotQ7F8=
github.com/mahathirtama/go-say-hello v1.5.0 h1:DetsgRusu0nQABcZJkNcbbXOlpxqquQH1qbhjCNO94Q=
github.com/mahathirtama/go-say-hello v1.5.0/go.mod h1:D7v8zex15Ai2d1N6Ln9+XrWWJRBUOeuh/E8EcotQ7F8=
github.com/mahathirtama/go-say-hello/v2 v2.0.0 h1:2RMKRSwfCqdQo+/9qUpFl6VtJwNWqdMRzwpB96qNhLY=
github.com/mahathirtama/go-say-hello/v2 v2.0.0/go.mod h1:iAl4eChaSiRCzsmqd80wc3mA+xwi8Idwzi05mhMI0Bo=
